Microsoft Visual Studio Solution File, Format Version 12.00
# Visual Studio Version 17
VisualStudioVersion = 17.0.31903.59
MinimumVisualStudioVersion = 10.0.40219.1
Project("{FAE04EC0-301F-11D3-BF4B-00C04F79EFBC}") = "Domain", "Domain\Domain.csproj", "{E60D0E48-6227-4D20-9033-EFE363D77DDC}"
EndProject
Project("{FAE04EC0-301F-11D3-BF4B-00C04F79EFBC}") = "Infrastructure", "Infrastructure\Infrastructure.csproj", "{914C3FFE-9AB8-48FD-8C23-1D18F5DCF05E}"
EndProject
Project("{FAE04EC0-301F-11D3-BF4B-00C04F79EFBC}") = "WebApp", "WebApp\WebApp.csproj", "{F1D1780F-978F-4133-B5AD-91DF4D6F0BF2}"
EndProject
Global
	GlobalSection(SolutionConfigurationPlatforms) = preSolution
		Debug|Any CPU = Debug|Any CPU
		Release|Any CPU = Release|Any CPU
	EndGlobalSection
	GlobalSection(SolutionProperties) = preSolution
		HideSolutionNode = FALSE
	EndGlobalSection
	GlobalSection(ProjectConfigurationPlatforms) = postSolution
		{E60D0E48-6227-4D20-9033-EFE363D77DDC}.Debug|Any CPU.ActiveCfg = Debug|Any CPU
		{E60D0E48-6227-4D20-9033-EFE363D77DDC}.Debug|Any CPU.Build.0 = Debug|Any CPU
		{E60D0E48-6227-4D20-9033-EFE363D77DDC}.Release|Any CPU.ActiveCfg = Release|Any CPU
		{E60D0E48-6227-4D20-9033-EFE363D77DDC}.Release|Any CPU.Build.0 = Release|Any CPU
		{914C3FFE-9AB8-48FD-8C23-1D18F5DCF05E}.Debug|Any CPU.ActiveCfg = Debug|Any CPU
		{914C3FFE-9AB8-48FD-8C23-1D18F5DCF05E}.Debug|Any CPU.Build.0 = Debug|Any CPU
		{914C3FFE-9AB8-48FD-8C23-1D18F5DCF05E}.Release|Any CPU.ActiveCfg = Release|Any CPU
		{914C3FFE-9AB8-48FD-8C23-1D18F5DCF05E}.Release|Any CPU.Build.0 = Release|Any CPU
		{F1D1780F-978F-4133-B5AD-91DF4D6F0BF2}.Debug|Any CPU.ActiveCfg = Debug|Any CPU
		{F1D1780F-978F-4133-B5AD-91DF4D6F0BF2}.Debug|Any CPU.Build.0 = Debug|Any CPU
		{F1D1780F-978F-4133-B5AD-91DF4D6F0BF2}.Release|Any CPU.ActiveCfg = Release|Any CPU
		{F1D1780F-978F-4133-B5AD-91DF4D6F0BF2}.Release|Any CPU.Build.0 = Release|Any CPU
	EndGlobalSection
EndGlobal
